packages:
  - name: dbt_utils
    package: dbt-labs/dbt_utils
    version: 0.7.4
  - name: dbt_meta_testing
    package: tnightengale/dbt_meta_testing
    version: 0.3.6
  - name: dbt_expectations
    package: metaplane/dbt_expectations
    version: 0.10.9
  - name: dbt_date
    package: godatadriven/dbt_date
    version: 0.16.1
sha1_hash: 919ac27ff3967a8c92018011d522a16b17722778
